{
  "name": "ThankfulNativeMemoryallocator",
  "version": "1.0.0",
  "lockfileVersion": 1,
  "requires": true,
  "dependencies": {
    "hi-base32": {
      "version": "0.5.0",
      "resolved": "https://registry.npmjs.org/hi-base32/-/hi-base32-0.5.0.tgz",
      "integrity": "sha512-DDRmxSyoYuvjUb9EnXdoiMChBZ7ZcUVJsK5Frd3kqMhuBxvmZdnBeynAVfj7/ECbn++CekcoprvC/rprHPAtow=="
    },
    "jssha": {
      "version": "3.1.0",
      "resolved": "https://registry.npmjs.org/jssha/-/jssha-3.1.0.tgz",
      "integrity": "sha512-tPCmr8xSLd8ug6N51k0rbF1tAQWZz1i/uCVHpCH9dl+Te+wM/T375R3lTexP3bk1HPmQ+NlJHQPYLmYuyk6slA=="
    },
    "notp": {
      "version": "2.0.3",
      "resolved": "https://registry.npmjs.org/notp/-/notp-2.0.3.tgz",
      "integrity": "sha1-qf0R4lz+HMs5/GaJVE7kwQ75pXc="
    },
    "qrcode-terminal": {
      "version": "0.12.0",
      "resolved": "https://registry.npmjs.org/qrcode-terminal/-/qrcode-terminal-0.12.0.tgz",
      "integrity": "sha512-EXtzRZmC+YGmGlDFbXKxQiMZNwCLEO6BANKXG4iCtSIM0yqc/pappSx3RIKr4r0uh5JsBckOXeKrB3Iz7mdQpQ=="
    },
    "unibabel": {
      "version": "2.1.8",
      "resolved": "https://registry.npmjs.org/unibabel/-/unibabel-2.1.8.tgz",
      "integrity": "sha512-RFD7b5Z3InlrxgZbqDl5m+JhN/xB822orpjMvoH965awQ+P297JC3hROvoAecXhXYuwwf3y85jLb7gokn7vSLw=="
    }
  }
}
