# THIS IS AN AUTOGENERATED FILE. DO NOT EDIT THIS FILE DIRECTLY.
# yarn lockfile v1


ansi-colors@^3.2.1:
  version "3.2.4"
  resolved "https://registry.yarnpkg.com/ansi-colors/-/ansi-colors-3.2.4.tgz#e3a3da4bfbae6c86a9c285625de124a234026fbf"
  integrity sha512-hHUXGagefjN2iRrID63xckIvotOXOojhQKWIPUZ4mNUZ9nLZW+7FMNoE1lOkEhNWYsx/7ysGIuJYCiMAA9FnrA==

enquirer@^2.3.5:
  version "2.3.5"
  resolved "https://registry.yarnpkg.com/enquirer/-/enquirer-2.3.5.tgz#3ab2b838df0a9d8ab9e7dff235b0e8712ef92381"
  integrity sha512-BNT1C08P9XD0vNg3J475yIUG+mVdp9T6towYFHUv897X0KoHBjB1shyrNmhmtHWKP17iSWgo7Gqh7BBuzLZMSA==
  dependencies:
    ansi-colors "^3.2.1"

hi-base32@^0.5.0:
  version "0.5.0"
  resolved "https://registry.yarnpkg.com/hi-base32/-/hi-base32-0.5.0.tgz#61329f76a31f31008533f1c36f2473e259d64571"
  integrity sha512-DDRmxSyoYuvjUb9EnXdoiMChBZ7ZcUVJsK5Frd3kqMhuBxvmZdnBeynAVfj7/ECbn++CekcoprvC/rprHPAtow==

jssha@^3.1.0:
  version "3.1.0"
  resolved "https://registry.yarnpkg.com/jssha/-/jssha-3.1.0.tgz#bc9d11cefeea5cdaf931cee12cc5771b31d80252"
  integrity sha512-tPCmr8xSLd8ug6N51k0rbF1tAQWZz1i/uCVHpCH9dl+Te+wM/T375R3lTexP3bk1HPmQ+NlJHQPYLmYuyk6slA==

notp@^2.0.3:
  version "2.0.3"
  resolved "https://registry.yarnpkg.com/notp/-/notp-2.0.3.tgz#a9fd11e25cfe1ccb39fc6689544ee4c10ef9a577"
  integrity sha1-qf0R4lz+HMs5/GaJVE7kwQ75pXc=

qrcode-terminal@^0.12.0:
  version "0.12.0"
  resolved "https://registry.yarnpkg.com/qrcode-terminal/-/qrcode-terminal-0.12.0.tgz#bb5b699ef7f9f0505092a3748be4464fe71b5819"
  integrity sha512-EXtzRZmC+YGmGlDFbXKxQiMZNwCLEO6BANKXG4iCtSIM0yqc/pappSx3RIKr4r0uh5JsBckOXeKrB3Iz7mdQpQ==

unibabel@^2.1.8:
  version "2.1.8"
  resolved "https://registry.yarnpkg.com/unibabel/-/unibabel-2.1.8.tgz#26a9e953def6f01ef94d5539c44ba63692d756c0"
  integrity sha512-RFD7b5Z3InlrxgZbqDl5m+JhN/xB822orpjMvoH965awQ+P297JC3hROvoAecXhXYuwwf3y85jLb7gokn7vSLw==
